
Microsoft Visual Studio Solution File, Format Version 12.00
# Visual Studio Express 2013 for Windows Desktop
VisualStudioVersion = 12.0.30723.0
MinimumVisualStudioVersion = 10.0.40219.1
Project("{FAE04EC0-301F-11D3-BF4B-00C04F79EFBC}") = "Test Application for Source Control", "Test Application for Source Control\Test Application for Source Control.csproj", "{DA5054C5-3CBA-4941-96BC-B7BBA70DC50B}"
EndProject
Global
	GlobalSection(SolutionConfigurationPlatforms) = preSolution
		Debug|Any CPU = Debug|Any CPU
		Release|Any CPU = Release|Any CPU
	EndGlobalSection
	GlobalSection(ProjectConfigurationPlatforms) = postSolution
		{DA5054C5-3CBA-4941-96BC-B7BBA70DC50B}.Debug|Any CPU.ActiveCfg = Debug|Any CPU
		{DA5054C5-3CBA-4941-96BC-B7BBA70DC50B}.Debug|Any CPU.Build.0 = Debug|Any CPU
		{DA5054C5-3CBA-4941-96BC-B7BBA70DC50B}.Release|Any CPU.ActiveCfg = Release|Any CPU
		{DA5054C5-3CBA-4941-96BC-B7BBA70DC50B}.Release|Any CPU.Build.0 = Release|Any CPU
	EndGlobalSection
	GlobalSection(SolutionProperties) = preSolution
		HideSolutionNode = FALSE
	EndGlobalSection
EndGlobal
